
Microsoft Visual Studio Solution File, Format Version 12.00
# Visual Studio 2013
VisualStudioVersion = 12.0.31101.0
MinimumVisualStudioVersion = 10.0.40219.1
Project("{2150E333-8FDC-42A3-9474-1A3956D46DE8}") = "01", "01", "{29EBD1A9-32BA-49C0-8AFB-D936EEA6ED99}"
EndProject
Project("{FAE04EC0-301F-11D3-BF4B-00C04F79EFBC}") = "DeclareVariables", "DeclareVariables\DeclareVariables.csproj", "{8C08A6BB-3577-45FF-B7AF-461C40D651B0}"
EndProject
Project("{2150E333-8FDC-42A3-9474-1A3956D46DE8}") = "02", "02", "{3440F830-A4C9-4436-B09C-EF2AE1396D87}"
EndProject
Project("{FAE04EC0-301F-11D3-BF4B-00C04F79EFBC}") = "FloatOrDouble", "FloatOrDouble\FloatOrDouble.csproj", "{A798E84B-4BC4-4F60-A30F-127CF5FAEFE6}"
EndProject
Project("{2150E333-8FDC-42A3-9474-1A3956D46DE8}") = "03", "03", "{09A5E0F5-0B20-4B53-9412-E9ECF203B4D2}"
EndProject
Project("{FAE04EC0-301F-11D3-BF4B-00C04F79EFBC}") = "VariableInHexadecimalFormat", "VariableInHexadecimalFormat\VariableInHexadecimalFormat.csproj", "{0C171BCB-A762-4F4D-BB40-BB2CBBE86E88}"
EndProject
Project("{2150E333-8FDC-42A3-9474-1A3956D46DE8}") = "04", "04", "{46C312E4-95D8-44F5-9491-4F68C5D87B21}"
EndProject
Project("{FAE04EC0-301F-11D3-BF4B-00C04F79EFBC}") = "UnicodeCharacter", "UnicodeCharacter\UnicodeCharacter.csproj", "{70D2E4C9-8E0D-45A5-B52C-6D35A653B885}"
EndProject
Project("{2150E333-8FDC-42A3-9474-1A3956D46DE8}") = "05", "05", "{E5D322DD-BA1A-46A4-9EB7-172D38C9BAFE}"
EndProject
Project("{FAE04EC0-301F-11D3-BF4B-00C04F79EFBC}") = "BooleanVariable", "BooleanVariable\BooleanVariable.csproj", "{B7834CE6-8E83-417C-BE0A-4918923E3B66}"
EndProject
Project("{2150E333-8FDC-42A3-9474-1A3956D46DE8}") = "06", "06", "{A109DADC-592A-464D-A003-3B94F6D3969E}"
EndProject
Project("{FAE04EC0-301F-11D3-BF4B-00C04F79EFBC}") = "StringsAndObjects", "StringsAndObjects\StringsAndObjects.csproj", "{DBE08054-D5CE-4018-9052-58A89AD43651}"
EndProject
Project("{2150E333-8FDC-42A3-9474-1A3956D46DE8}") = "07", "07", "{E8F95156-A5FF-4004-8C78-81E66E3AF79C}"
EndProject
Project("{FAE04EC0-301F-11D3-BF4B-00C04F79EFBC}") = "QuotesInStrings", "QuotesInStrings\QuotesInStrings.csproj", "{D3E9BC05-C064-465F-BFEB-91033B0C1B40}"
EndProject
Project("{2150E333-8FDC-42A3-9474-1A3956D46DE8}") = "08", "08", "{A03B8314-A1D3-4EE5-9ACC-E530C44A170F}"
EndProject
Project("{FAE04EC0-301F-11D3-BF4B-00C04F79EFBC}") = "IsoscelesTriangle", "IsoscelesTriangle\IsoscelesTriangle.csproj", "{307D3FD2-CA72-4F44-B6BB-CF43D855E09B}"
EndProject
Project("{2150E333-8FDC-42A3-9474-1A3956D46DE8}") = "09", "09", "{A6F846CA-4158-46D1-96DE-A17A58ACC033}"
EndProject
Project("{FAE04EC0-301F-11D3-BF4B-00C04F79EFBC}") = "ExchangeVariableValues", "ExchangeVariableValues\ExchangeVariableValues.csproj", "{456302AA-4428-46FA-B7BC-5CC75BFD4665}"
EndProject
Project("{2150E333-8FDC-42A3-9474-1A3956D46DE8}") = "10", "10", "{10887FC2-58C0-41BF-9C68-80CA77CFE6F8}"
EndProject
Project("{FAE04EC0-301F-11D3-BF4B-00C04F79EFBC}") = "EmployeeData", "EmployeeData\EmployeeData.csproj", "{D9E31EC5-C4C4-44A3-8C47-705327005DB6}"
EndProject
Project("{2150E333-8FDC-42A3-9474-1A3956D46DE8}") = "11", "11", "{300FAF4B-F5F8-495E-89C1-BD1BFAD8AE65}"
EndProject
Project("{FAE04EC0-301F-11D3-BF4B-00C04F79EFBC}") = "BankAccountData", "BankAccountData\BankAccountData.csproj", "{2DE6A859-1232-408E-8CA9-546B0C980020}"
EndProject
Project("{2150E333-8FDC-42A3-9474-1A3956D46DE8}") = "12", "12", "{631109FC-D3AD-4A78-B932-C636D4CB7B45}"
EndProject
Project("{FAE04EC0-301F-11D3-BF4B-00C04F79EFBC}") = "NullValuesArithmetic", "NullValuesArithmetic\NullValuesArithmetic.csproj", "{A248DE9A-0D0A-4553-90B2-FD278615E036}"
EndProject
Project("{2150E333-8FDC-42A3-9474-1A3956D46DE8}") = "13 [+]", "13 [+]", "{9546EE78-1580-481E-8C7B-277F08D40D2A}"
EndProject
Project("{FAE04EC0-301F-11D3-BF4B-00C04F79EFBC}") = "ComparingFloats", "ComparingFloats\ComparingFloats.csproj", "{076FDDF5-E519-422E-8C38-15C013666A32}"
EndProject
Project("{2150E333-8FDC-42A3-9474-1A3956D46DE8}") = "14 [+]", "14 [+]", "{01B88F40-5A4E-442B-A6E5-E987BADB7948}"
EndProject
Project("{FAE04EC0-301F-11D3-BF4B-00C04F79EFBC}") = "ASCIITablePrinter", "ASCIITablePrinter\ASCIITablePrinter.csproj", "{BBAC2A5D-A7AC-4440-9933-E1420C4C6880}"
EndProject
Project("{2150E333-8FDC-42A3-9474-1A3956D46DE8}") = "15 [Joro the Football PLayer]", "15 [Joro the Football PLayer]", "{24B74FB4-5A89-416F-B90A-A192945485D0}"
EndProject
Project("{FAE04EC0-301F-11D3-BF4B-00C04F79EFBC}") = "JoroTheFootballPlayer", "JoroTheFootballPlayer\JoroTheFootballPlayer.csproj", "{987F3B84-7AD8-45CC-9241-5BF0049914EC}"
EndProject
Project("{2150E333-8FDC-42A3-9474-1A3956D46DE8}") = "16 [Half Sum]", "16 [Half Sum]", "{447F54F3-429F-470B-9E28-07B155187A11}"
EndProject
Project("{FAE04EC0-301F-11D3-BF4B-00C04F79EFBC}") = "HalfSum", "HalfSum\HalfSum.csproj", "{2D94BD2A-D6D4-4BF3-AEA2-8C8849E10B6D}"
EndProject
Project("{2150E333-8FDC-42A3-9474-1A3956D46DE8}") = "17 [Sunglasses]", "17 [Sunglasses]", "{7F6CC229-5AB3-468A-9FA2-F13F2572F4A3}"
EndProject
Project("{FAE04EC0-301F-11D3-BF4B-00C04F79EFBC}") = "Sunglasses", "Sunglasses\Sunglasses.csproj", "{AA4A033E-DD95-4BB6-854C-6924FBF2D82B}"
EndProject
Project("{2150E333-8FDC-42A3-9474-1A3956D46DE8}") = "18 [Nine-Digit Magic Numbers]", "18 [Nine-Digit Magic Numbers]", "{224BCBDE-2AFF-46F0-BB29-21B036CE1A3B}"
EndProject
Project("{FAE04EC0-301F-11D3-BF4B-00C04F79EFBC}") = "NineDigitMagicNumbers", "NineDigitMagicNumbers\NineDigitMagicNumbers.csproj", "{740D9FDB-FB67-43A0-A7A6-FDE5EFB9E1D4}"
EndProject
Global
	GlobalSection(SolutionConfigurationPlatforms) = preSolution
		Debug|Any CPU = Debug|Any CPU
		Release|Any CPU = Release|Any CPU
	EndGlobalSection
	GlobalSection(ProjectConfigurationPlatforms) = postSolution
		{8C08A6BB-3577-45FF-B7AF-461C40D651B0}.Debug|Any CPU.ActiveCfg = Debug|Any CPU
		{8C08A6BB-3577-45FF-B7AF-461C40D651B0}.Debug|Any CPU.Build.0 = Debug|Any CPU
		{8C08A6BB-3577-45FF-B7AF-461C40D651B0}.Release|Any CPU.ActiveCfg = Release|Any CPU
		{8C08A6BB-3577-45FF-B7AF-461C40D651B0}.Release|Any CPU.Build.0 = Release|Any CPU
		{A798E84B-4BC4-4F60-A30F-127CF5FAEFE6}.Debug|Any CPU.ActiveCfg = Debug|Any CPU
		{A798E84B-4BC4-4F60-A30F-127CF5FAEFE6}.Debug|Any CPU.Build.0 = Debug|Any CPU
		{A798E84B-4BC4-4F60-A30F-127CF5FAEFE6}.Release|Any CPU.ActiveCfg = Release|Any CPU
		{A798E84B-4BC4-4F60-A30F-127CF5FAEFE6}.Release|Any CPU.Build.0 = Release|Any CPU
		{0C171BCB-A762-4F4D-BB40-BB2CBBE86E88}.Debug|Any CPU.ActiveCfg = Debug|Any CPU
		{0C171BCB-A762-4F4D-BB40-BB2CBBE86E88}.Debug|Any CPU.Build.0 = Debug|Any CPU
		{0C171BCB-A762-4F4D-BB40-BB2CBBE86E88}.Release|Any CPU.ActiveCfg = Release|Any CPU
		{0C171BCB-A762-4F4D-BB40-BB2CBBE86E88}.Release|Any CPU.Build.0 = Release|Any CPU
		{70D2E4C9-8E0D-45A5-B52C-6D35A653B885}.Debug|Any CPU.ActiveCfg = Debug|Any CPU
		{70D2E4C9-8E0D-45A5-B52C-6D35A653B885}.Debug|Any CPU.Build.0 = Debug|Any CPU
		{70D2E4C9-8E0D-45A5-B52C-6D35A653B885}.Release|Any CPU.ActiveCfg = Release|Any CPU
		{70D2E4C9-8E0D-45A5-B52C-6D35A653B885}.Release|Any CPU.Build.0 = Release|Any CPU
		{B7834CE6-8E83-417C-BE0A-4918923E3B66}.Debug|Any CPU.ActiveCfg = Debug|Any CPU
		{B7834CE6-8E83-417C-BE0A-4918923E3B66}.Debug|Any CPU.Build.0 = Debug|Any CPU
		{B7834CE6-8E83-417C-BE0A-4918923E3B66}.Release|Any CPU.ActiveCfg = Release|Any CPU
		{B7834CE6-8E83-417C-BE0A-4918923E3B66}.Release|Any CPU.Build.0 = Release|Any CPU
		{DBE08054-D5CE-4018-9052-58A89AD43651}.Debug|Any CPU.ActiveCfg = Debug|Any CPU
		{DBE08054-D5CE-4018-9052-58A89AD43651}.Debug|Any CPU.Build.0 = Debug|Any CPU
		{DBE08054-D5CE-4018-9052-58A89AD43651}.Release|Any CPU.ActiveCfg = Release|Any CPU
		{DBE08054-D5CE-4018-9052-58A89AD43651}.Release|Any CPU.Build.0 = Release|Any CPU
		{D3E9BC05-C064-465F-BFEB-91033B0C1B40}.Debug|Any CPU.ActiveCfg = Debug|Any CPU
		{D3E9BC05-C064-465F-BFEB-91033B0C1B40}.Debug|Any CPU.Build.0 = Debug|Any CPU
		{D3E9BC05-C064-465F-BFEB-91033B0C1B40}.Release|Any CPU.ActiveCfg = Release|Any CPU
		{D3E9BC05-C064-465F-BFEB-91033B0C1B40}.Release|Any CPU.Build.0 = Release|Any CPU
		{307D3FD2-CA72-4F44-B6BB-CF43D855E09B}.Debug|Any CPU.ActiveCfg = Debug|Any CPU
		{307D3FD2-CA72-4F44-B6BB-CF43D855E09B}.Debug|Any CPU.Build.0 = Debug|Any CPU
		{307D3FD2-CA72-4F44-B6BB-CF43D855E09B}.Release|Any CPU.ActiveCfg = Release|Any CPU
		{307D3FD2-CA72-4F44-B6BB-CF43D855E09B}.Release|Any CPU.Build.0 = Release|Any CPU
		{456302AA-4428-46FA-B7BC-5CC75BFD4665}.Debug|Any CPU.ActiveCfg = Debug|Any CPU
		{456302AA-4428-46FA-B7BC-5CC75BFD4665}.Debug|Any CPU.Build.0 = Debug|Any CPU
		{456302AA-4428-46FA-B7BC-5CC75BFD4665}.Release|Any CPU.ActiveCfg = Release|Any CPU
		{456302AA-4428-46FA-B7BC-5CC75BFD4665}.Release|Any CPU.Build.0 = Release|Any CPU
		{D9E31EC5-C4C4-44A3-8C47-705327005DB6}.Debug|Any CPU.ActiveCfg = Debug|Any CPU
		{D9E31EC5-C4C4-44A3-8C47-705327005DB6}.Debug|Any CPU.Build.0 = Debug|Any CPU
		{D9E31EC5-C4C4-44A3-8C47-705327005DB6}.Release|Any CPU.ActiveCfg = Release|Any CPU
		{D9E31EC5-C4C4-44A3-8C47-705327005DB6}.Release|Any CPU.Build.0 = Release|Any CPU
		{2DE6A859-1232-408E-8CA9-546B0C980020}.Debug|Any CPU.ActiveCfg = Debug|Any CPU
		{2DE6A859-1232-408E-8CA9-546B0C980020}.Debug|Any CPU.Build.0 = Debug|Any CPU
		{2DE6A859-1232-408E-8CA9-546B0C980020}.Release|Any CPU.ActiveCfg = Release|Any CPU
		{2DE6A859-1232-408E-8CA9-546B0C980020}.Release|Any CPU.Build.0 = Release|Any CPU
		{A248DE9A-0D0A-4553-90B2-FD278615E036}.Debug|Any CPU.ActiveCfg = Debug|Any CPU
		{A248DE9A-0D0A-4553-90B2-FD278615E036}.Debug|Any CPU.Build.0 = Debug|Any CPU
		{A248DE9A-0D0A-4553-90B2-FD278615E036}.Release|Any CPU.ActiveCfg = Release|Any CPU
		{A248DE9A-0D0A-4553-90B2-FD278615E036}.Release|Any CPU.Build.0 = Release|Any CPU
		{076FDDF5-E519-422E-8C38-15C013666A32}.Debug|Any CPU.ActiveCfg = Debug|Any CPU
		{076FDDF5-E519-422E-8C38-15C013666A32}.Debug|Any CPU.Build.0 = Debug|Any CPU
		{076FDDF5-E519-422E-8C38-15C013666A32}.Release|Any CPU.ActiveCfg = Release|Any CPU
		{076FDDF5-E519-422E-8C38-15C013666A32}.Release|Any CPU.Build.0 = Release|Any CPU
		{BBAC2A5D-A7AC-4440-9933-E1420C4C6880}.Debug|Any CPU.ActiveCfg = Debug|Any CPU
		{BBAC2A5D-A7AC-4440-9933-E1420C4C6880}.Debug|Any CPU.Build.0 = Debug|Any CPU
		{BBAC2A5D-A7AC-4440-9933-E1420C4C6880}.Release|Any CPU.ActiveCfg = Release|Any CPU
		{BBAC2A5D-A7AC-4440-9933-E1420C4C6880}.Release|Any CPU.Build.0 = Release|Any CPU
		{987F3B84-7AD8-45CC-9241-5BF0049914EC}.Debug|Any CPU.ActiveCfg = Debug|Any CPU
		{987F3B84-7AD8-45CC-9241-5BF0049914EC}.Debug|Any CPU.Build.0 = Debug|Any CPU
		{987F3B84-7AD8-45CC-9241-5BF0049914EC}.Release|Any CPU.ActiveCfg = Release|Any CPU
		{987F3B84-7AD8-45CC-9241-5BF0049914EC}.Release|Any CPU.Build.0 = Release|Any CPU
		{2D94BD2A-D6D4-4BF3-AEA2-8C8849E10B6D}.Debug|Any CPU.ActiveCfg = Debug|Any CPU
		{2D94BD2A-D6D4-4BF3-AEA2-8C8849E10B6D}.Debug|Any CPU.Build.0 = Debug|Any CPU
		{2D94BD2A-D6D4-4BF3-AEA2-8C8849E10B6D}.Release|Any CPU.ActiveCfg = Release|Any CPU
		{2D94BD2A-D6D4-4BF3-AEA2-8C8849E10B6D}.Release|Any CPU.Build.0 = Release|Any CPU
		{AA4A033E-DD95-4BB6-854C-6924FBF2D82B}.Debug|Any CPU.ActiveCfg = Debug|Any CPU
		{AA4A033E-DD95-4BB6-854C-6924FBF2D82B}.Debug|Any CPU.Build.0 = Debug|Any CPU
		{AA4A033E-DD95-4BB6-854C-6924FBF2D82B}.Release|Any CPU.ActiveCfg = Release|Any CPU
		{AA4A033E-DD95-4BB6-854C-6924FBF2D82B}.Release|Any CPU.Build.0 = Release|Any CPU
		{740D9FDB-FB67-43A0-A7A6-FDE5EFB9E1D4}.Debug|Any CPU.ActiveCfg = Debug|Any CPU
		{740D9FDB-FB67-43A0-A7A6-FDE5EFB9E1D4}.Debug|Any CPU.Build.0 = Debug|Any CPU
		{740D9FDB-FB67-43A0-A7A6-FDE5EFB9E1D4}.Release|Any CPU.ActiveCfg = Release|Any CPU
		{740D9FDB-FB67-43A0-A7A6-FDE5EFB9E1D4}.Release|Any CPU.Build.0 = Release|Any CPU
	EndGlobalSection
	GlobalSection(SolutionProperties) = preSolution
		HideSolutionNode = FALSE
	EndGlobalSection
	GlobalSection(NestedProjects) = preSolution
		{8C08A6BB-3577-45FF-B7AF-461C40D651B0} = {29EBD1A9-32BA-49C0-8AFB-D936EEA6ED99}
		{A798E84B-4BC4-4F60-A30F-127CF5FAEFE6} = {3440F830-A4C9-4436-B09C-EF2AE1396D87}
		{0C171BCB-A762-4F4D-BB40-BB2CBBE86E88} = {09A5E0F5-0B20-4B53-9412-E9ECF203B4D2}
		{70D2E4C9-8E0D-45A5-B52C-6D35A653B885} = {46C312E4-95D8-44F5-9491-4F68C5D87B21}
		{B7834CE6-8E83-417C-BE0A-4918923E3B66} = {E5D322DD-BA1A-46A4-9EB7-172D38C9BAFE}
		{DBE08054-D5CE-4018-9052-58A89AD43651} = {A109DADC-592A-464D-A003-3B94F6D3969E}
		{D3E9BC05-C064-465F-BFEB-91033B0C1B40} = {E8F95156-A5FF-4004-8C78-81E66E3AF79C}
		{307D3FD2-CA72-4F44-B6BB-CF43D855E09B} = {A03B8314-A1D3-4EE5-9ACC-E530C44A170F}
		{456302AA-4428-46FA-B7BC-5CC75BFD4665} = {A6F846CA-4158-46D1-96DE-A17A58ACC033}
		{D9E31EC5-C4C4-44A3-8C47-705327005DB6} = {10887FC2-58C0-41BF-9C68-80CA77CFE6F8}
		{2DE6A859-1232-408E-8CA9-546B0C980020} = {300FAF4B-F5F8-495E-89C1-BD1BFAD8AE65}
		{A248DE9A-0D0A-4553-90B2-FD278615E036} = {631109FC-D3AD-4A78-B932-C636D4CB7B45}
		{076FDDF5-E519-422E-8C38-15C013666A32} = {9546EE78-1580-481E-8C7B-277F08D40D2A}
		{BBAC2A5D-A7AC-4440-9933-E1420C4C6880} = {01B88F40-5A4E-442B-A6E5-E987BADB7948}
		{987F3B84-7AD8-45CC-9241-5BF0049914EC} = {24B74FB4-5A89-416F-B90A-A192945485D0}
		{2D94BD2A-D6D4-4BF3-AEA2-8C8849E10B6D} = {447F54F3-429F-470B-9E28-07B155187A11}
		{AA4A033E-DD95-4BB6-854C-6924FBF2D82B} = {7F6CC229-5AB3-468A-9FA2-F13F2572F4A3}
		{740D9FDB-FB67-43A0-A7A6-FDE5EFB9E1D4} = {224BCBDE-2AFF-46F0-BB29-21B036CE1A3B}
	EndGlobalSection
EndGlobal
